
Microsoft Visual Studio Solution File, Format Version 12.00
# Visual Studio Version 17
VisualStudioVersion = 17.7.34031.279
MinimumVisualStudioVersion = 10.0.40219.1
Project("{FAE04EC0-301F-11D3-BF4B-00C04F79EFBC}") = "MonkeyTrader", "MonkeyTrader\MonkeyTrader.csproj", "{5E1CE8EE-1770-4850-8B48-3812FA7691A9}"
EndProject
Global
	GlobalSection(SolutionConfigurationPlatforms) = preSolution
		Debug|Any CPU = Debug|Any CPU
		Release|Any CPU = Release|Any CPU
	EndGlobalSection
	GlobalSection(ProjectConfigurationPlatforms) = postSolution
		{5E1CE8EE-1770-4850-8B48-3812FA7691A9}.Debug|Any CPU.ActiveCfg = Debug|Any CPU
		{5E1CE8EE-1770-4850-8B48-3812FA7691A9}.Debug|Any CPU.Build.0 = Debug|Any CPU
		{5E1CE8EE-1770-4850-8B48-3812FA7691A9}.Release|Any CPU.ActiveCfg = Release|Any CPU
		{5E1CE8EE-1770-4850-8B48-3812FA7691A9}.Release|Any CPU.Build.0 = Release|Any CPU
	EndGlobalSection
	GlobalSection(SolutionProperties) = preSolution
		HideSolutionNode = FALSE
	EndGlobalSection
	GlobalSection(ExtensibilityGlobals) = postSolution
		SolutionGuid = {2966E7A5-4DB8-47C6-B0D4-0322B818799D}
	EndGlobalSection
EndGlobal
